// !$*UTF8*$!
{
	archiveVersion = 1;
	classes = {
	};
	objectVersion = 56;
	objects = {

/* Begin PBXBuildFile section */
		86C310382C9665D5007F915C /* MainApp.swift in Sources */ = {isa = PBXBuildFile; fileRef = 86C310372C9665D5007F915C /* MainApp.swift */; };
		86C3103C2C9665D7007F915C /* Assets.xcassets in Resources */ = {isa = PBXBuildFile; fileRef = 86C3103B2C9665D7007F915C /* Assets.xcassets */; };
		86C310492C9665D8007F915C /* CreationalPatternTests.swift in Sources */ = {isa = PBXBuildFile; fileRef = 86C310482C9665D8007F915C /* CreationalPatternTests.swift */; };
		86C310652C966658007F915C /* Singleton.swift in Sources */ = {isa = PBXBuildFile; fileRef = 86C310642C966658007F915C /* Singleton.swift */; };
		86C310672C966661007F915C /* FactoryMethod.swift in Sources */ = {isa = PBXBuildFile; fileRef = 86C310662C966661007F915C /* FactoryMethod.swift */; };
		86C310692C96666D007F915C /* AbstractFactory.swift in Sources */ = {isa = PBXBuildFile; fileRef = 86C310682C96666D007F915C /* AbstractFactory.swift */; };
		86C3106B2C966677007F915C /* Builder.swift in Sources */ = {isa = PBXBuildFile; fileRef = 86C3106A2C966677007F915C /* Builder.swift */; };
		86C3106D2C9684FB007F915C /* Adapter.swift in Sources */ = {isa = PBXBuildFile; fileRef = 86C3106C2C9684FB007F915C /* Adapter.swift */; };
		86C3106F2C968502007F915C /* Bridge.swift in Sources */ = {isa = PBXBuildFile; fileRef = 86C3106E2C968502007F915C /* Bridge.swift */; };
		86C310722C968512007F915C /* Composite.swift in Sources */ = {isa = PBXBuildFile; fileRef = 86C310712C968512007F915C /* Composite.swift */; };
		86C310742C968519007F915C /* Decorator.swift in Sources */ = {isa = PBXBuildFile; fileRef = 86C310732C968519007F915C /* Decorator.swift */; };
		86C310762C96854E007F915C /* Facade.swift in Sources */ = {isa = PBXBuildFile; fileRef = 86C310752C96854E007F915C /* Facade.swift */; };
		86C310782C968556007F915C /* Flyweight.swift in Sources */ = {isa = PBXBuildFile; fileRef = 86C310772C968556007F915C /* Flyweight.swift */; };
		86C3107A2C96856A007F915C /* Proxy.swift in Sources */ = {isa = PBXBuildFile; fileRef = 86C310792C96856A007F915C /* Proxy.swift */; };
		86C3107C2C9686A3007F915C /* StructuralPatternTests.swift in Sources */ = {isa = PBXBuildFile; fileRef = 86C3107B2C9686A3007F915C /* StructuralPatternTests.swift */; };
		CE3678B82C96F66900990EC5 /* Preview Assets.xcassets in Resources */ = {isa = PBXBuildFile; fileRef = CE3678B72C96F66900990EC5 /* Preview Assets.xcassets */; };
		CE3678BA2C96F6AF00990EC5 /* BehavioralPatternTests.swift in Sources */ = {isa = PBXBuildFile; fileRef = CE3678B92C96F6AF00990EC5 /* BehavioralPatternTests.swift */; };
		CE51566F2C96F5940074A812 /* ChainOfResponsibility.swift in Sources */ = {isa = PBXBuildFile; fileRef = CE51566E2C96F5940074A812 /* ChainOfResponsibility.swift */; };
		CE5156712C96F59B0074A812 /* Command.swift in Sources */ = {isa = PBXBuildFile; fileRef = CE5156702C96F59B0074A812 /* Command.swift */; };
		CE5156732C96F5A20074A812 /* Iterator.swift in Sources */ = {isa = PBXBuildFile; fileRef = CE5156722C96F5A20074A812 /* Iterator.swift */; };
		CE5156752C96F5A80074A812 /* Mediator.swift in Sources */ = {isa = PBXBuildFile; fileRef = CE5156742C96F5A80074A812 /* Mediator.swift */; };
		CE5156772C96F5AF0074A812 /* Memento.swift in Sources */ = {isa = PBXBuildFile; fileRef = CE5156762C96F5AF0074A812 /* Memento.swift */; };
		CE5156792C96F5B60074A812 /* Observer.swift in Sources */ = {isa = PBXBuildFile; fileRef = CE5156782C96F5B60074A812 /* Observer.swift */; };
		CE51567B2C96F5BB0074A812 /* State.swift in Sources */ = {isa = PBXBuildFile; fileRef = CE51567A2C96F5BB0074A812 /* State.swift */; };
		CE51567D2C96F5C40074A812 /* Strategy.swift in Sources */ = {isa = PBXBuildFile; fileRef = CE51567C2C96F5C40074A812 /* Strategy.swift */; };
		CE51567F2C96F5CE0074A812 /* TemplateMethod.swift in Sources */ = {isa = PBXBuildFile; fileRef = CE51567E2C96F5CE0074A812 /* TemplateMethod.swift */; };
		CE5156812C96F5D70074A812 /* Visitor.swift in Sources */ = {isa = PBXBuildFile; fileRef = CE5156802C96F5D70074A812 /* Visitor.swift */; };
/* End PBXBuildFile section */

/* Begin PBXContainerItemProxy section */
		86C310452C9665D8007F915C /* PBXContainerItemProxy */ = {
			isa = PBXContainerItemProxy;
			containerPortal = 86C3102C2C9665D5007F915C /* Project object */;
			proxyType = 1;
			remoteGlobalIDString = 86C310332C9665D5007F915C;
			remoteInfo = SwiftDesignPattern;
		};
/* End PBXContainerItemProxy section */

/* Begin PBXFileReference section */
		86C310342C9665D5007F915C /* SwiftDesignPattern.app */ = {isa = PBXFileReference; explicitFileType = wrapper.application; includeInIndex = 0; path = SwiftDesignPattern.app; sourceTree = BUILT_PRODUCTS_DIR; };
		86C310372C9665D5007F915C /* MainApp.swift */ = {isa = PBXFileReference; lastKnownFileType = sourcecode.swift; path = MainApp.swift; sourceTree = "<group>"; };
		86C3103B2C9665D7007F915C /* Assets.xcassets */ = {isa = PBXFileReference; lastKnownFileType = folder.assetcatalog; path = Assets.xcassets; sourceTree = "<group>"; };
		86C310442C9665D8007F915C /* SwiftDesignPatternTests.xctest */ = {isa = PBXFileReference; explicitFileType = wrapper.cfbundle; includeInIndex = 0; path = SwiftDesignPatternTests.xctest; sourceTree = BUILT_PRODUCTS_DIR; };
		86C310482C9665D8007F915C /* CreationalPatternTests.swift */ = {isa = PBXFileReference; lastKnownFileType = sourcecode.swift; path = CreationalPatternTests.swift; sourceTree = "<group>"; };
		86C310642C966658007F915C /* Singleton.swift */ = {isa = PBXFileReference; lastKnownFileType = sourcecode.swift; path = Singleton.swift; sourceTree = "<group>"; };
		86C310662C966661007F915C /* FactoryMethod.swift */ = {isa = PBXFileReference; lastKnownFileType = sourcecode.swift; path = FactoryMethod.swift; sourceTree = "<group>"; };
		86C310682C96666D007F915C /* AbstractFactory.swift */ = {isa = PBXFileReference; lastKnownFileType = sourcecode.swift; path = AbstractFactory.swift; sourceTree = "<group>"; };
		86C3106A2C966677007F915C /* Builder.swift */ = {isa = PBXFileReference; lastKnownFileType = sourcecode.swift; path = Builder.swift; sourceTree = "<group>"; };
		86C3106C2C9684FB007F915C /* Adapter.swift */ = {isa = PBXFileReference; lastKnownFileType = sourcecode.swift; path = Adapter.swift; sourceTree = "<group>"; };
		86C3106E2C968502007F915C /* Bridge.swift */ = {isa = PBXFileReference; lastKnownFileType = sourcecode.swift; path = Bridge.swift; sourceTree = "<group>"; };
		86C310712C968512007F915C /* Composite.swift */ = {isa = PBXFileReference; lastKnownFileType = sourcecode.swift; path = Composite.swift; sourceTree = "<group>"; };
		86C310732C968519007F915C /* Decorator.swift */ = {isa = PBXFileReference; lastKnownFileType = sourcecode.swift; path = Decorator.swift; sourceTree = "<group>"; };
		86C310752C96854E007F915C /* Facade.swift */ = {isa = PBXFileReference; lastKnownFileType = sourcecode.swift; path = Facade.swift; sourceTree = "<group>"; };
		86C310772C968556007F915C /* Flyweight.swift */ = {isa = PBXFileReference; lastKnownFileType = sourcecode.swift; path = Flyweight.swift; sourceTree = "<group>"; };
		86C310792C96856A007F915C /* Proxy.swift */ = {isa = PBXFileReference; lastKnownFileType = sourcecode.swift; path = Proxy.swift; sourceTree = "<group>"; };
		86C3107B2C9686A3007F915C /* StructuralPatternTests.swift */ = {isa = PBXFileReference; lastKnownFileType = sourcecode.swift; path = StructuralPatternTests.swift; sourceTree = "<group>"; };
		CE3678B72C96F66900990EC5 /* Preview Assets.xcassets */ = {isa = PBXFileReference; lastKnownFileType = folder.assetcatalog; path = "Preview Assets.xcassets"; sourceTree = "<group>"; };
		CE3678B92C96F6AF00990EC5 /* BehavioralPatternTests.swift */ = {isa = PBXFileReference; lastKnownFileType = sourcecode.swift; path = BehavioralPatternTests.swift; sourceTree = "<group>"; };
		CE51566E2C96F5940074A812 /* ChainOfResponsibility.swift */ = {isa = PBXFileReference; lastKnownFileType = sourcecode.swift; path = ChainOfResponsibility.swift; sourceTree = "<group>"; };
		CE5156702C96F59B0074A812 /* Command.swift */ = {isa = PBXFileReference; lastKnownFileType = sourcecode.swift; path = Command.swift; sourceTree = "<group>"; };
		CE5156722C96F5A20074A812 /* Iterator.swift */ = {isa = PBXFileReference; lastKnownFileType = sourcecode.swift; path = Iterator.swift; sourceTree = "<group>"; };
		CE5156742C96F5A80074A812 /* Mediator.swift */ = {isa = PBXFileReference; lastKnownFileType = sourcecode.swift; path = Mediator.swift; sourceTree = "<group>"; };
		CE5156762C96F5AF0074A812 /* Memento.swift */ = {isa = PBXFileReference; lastKnownFileType = sourcecode.swift; path = Memento.swift; sourceTree = "<group>"; };
		CE5156782C96F5B60074A812 /* Observer.swift */ = {isa = PBXFileReference; lastKnownFileType = sourcecode.swift; path = Observer.swift; sourceTree = "<group>"; };
		CE51567A2C96F5BB0074A812 /* State.swift */ = {isa = PBXFileReference; lastKnownFileType = sourcecode.swift; path = State.swift; sourceTree = "<group>"; };
		CE51567C2C96F5C40074A812 /* Strategy.swift */ = {isa = PBXFileReference; lastKnownFileType = sourcecode.swift; path = Strategy.swift; sourceTree = "<group>"; };
		CE51567E2C96F5CE0074A812 /* TemplateMethod.swift */ = {isa = PBXFileReference; lastKnownFileType = sourcecode.swift; path = TemplateMethod.swift; sourceTree = "<group>"; };
		CE5156802C96F5D70074A812 /* Visitor.swift */ = {isa = PBXFileReference; lastKnownFileType = sourcecode.swift; path = Visitor.swift; sourceTree = "<group>"; };
/* End PBXFileReference section */

/* Begin PBXFrameworksBuildPhase section */
		86C310312C9665D5007F915C /* Frameworks */ = {
			isa = PBXFrameworksBuildPhase;
			buildActionMask = 2147483647;
			files = (
			);
			runOnlyForDeploymentPostprocessing = 0;
		};
		86C310412C9665D8007F915C /* Frameworks */ = {
			isa = PBXFrameworksBuildPhase;
			buildActionMask = 2147483647;
			files = (
			);
			runOnlyForDeploymentPostprocessing = 0;
		};
/* End PBXFrameworksBuildPhase section */

/* Begin PBXGroup section */
		86C3102B2C9665D5007F915C = {
			isa = PBXGroup;
			children = (
				86C310362C9665D5007F915C /* SwiftDesignPattern */,
				86C310472C9665D8007F915C /* SwiftDesignPatternTests */,
				86C310352C9665D5007F915C /* Products */,
			);
			sourceTree = "<group>";
		};
		86C310352C9665D5007F915C /* Products */ = {
			isa = PBXGroup;
			children = (
				86C310342C9665D5007F915C /* SwiftDesignPattern.app */,
				86C310442C9665D8007F915C /* SwiftDesignPatternTests.xctest */,
			);
			name = Products;
			sourceTree = "<group>";
		};
		86C310362C9665D5007F915C /* SwiftDesignPattern */ = {
			isa = PBXGroup;
			children = (
				86C3103B2C9665D7007F915C /* Assets.xcassets */,
				CE51566C2C96F5750074A812 /* Behavioral */,
				86C310622C966634007F915C /* Creational */,
				86C310372C9665D5007F915C /* MainApp.swift */,
				CE3678B62C96F66900990EC5 /* Preview Content */,
				86C310632C96663A007F915C /* Structural */,
			);
			path = SwiftDesignPattern;
			sourceTree = "<group>";
		};
		86C310472C9665D8007F915C /* SwiftDesignPatternTests */ = {
			isa = PBXGroup;
			children = (
				86C310482C9665D8007F915C /* CreationalPatternTests.swift */,
				86C3107B2C9686A3007F915C /* StructuralPatternTests.swift */,
				CE3678B92C96F6AF00990EC5 /* BehavioralPatternTests.swift */,
			);
			path = SwiftDesignPatternTests;
			sourceTree = "<group>";
		};
		86C310622C966634007F915C /* Creational */ = {
			isa = PBXGroup;
			children = (
				86C310642C966658007F915C /* Singleton.swift */,
				86C310662C966661007F915C /* FactoryMethod.swift */,
				86C310682C96666D007F915C /* AbstractFactory.swift */,
				86C3106A2C966677007F915C /* Builder.swift */,
			);
			path = Creational;
			sourceTree = "<group>";
		};
		86C310632C96663A007F915C /* Structural */ = {
			isa = PBXGroup;
			children = (
				86C3106C2C9684FB007F915C /* Adapter.swift */,
				86C3106E2C968502007F915C /* Bridge.swift */,
				86C310712C968512007F915C /* Composite.swift */,
				86C310732C968519007F915C /* Decorator.swift */,
				86C310752C96854E007F915C /* Facade.swift */,
				86C310772C968556007F915C /* Flyweight.swift */,
				86C310792C96856A007F915C /* Proxy.swift */,
			);
			path = Structural;
			sourceTree = "<group>";
		};
		CE3678B62C96F66900990EC5 /* Preview Content */ = {
			isa = PBXGroup;
			children = (
				CE3678B72C96F66900990EC5 /* Preview Assets.xcassets */,
			);
			path = "Preview Content";
			sourceTree = SOURCE_ROOT;
		};
		CE51566C2C96F5750074A812 /* Behavioral */ = {
			isa = PBXGroup;
			children = (
				CE51566E2C96F5940074A812 /* ChainOfResponsibility.swift */,
				CE5156702C96F59B0074A812 /* Command.swift */,
				CE5156722C96F5A20074A812 /* Iterator.swift */,
				CE5156742C96F5A80074A812 /* Mediator.swift */,
				CE5156762C96F5AF0074A812 /* Memento.swift */,
				CE5156782C96F5B60074A812 /* Observer.swift */,
				CE51567A2C96F5BB0074A812 /* State.swift */,
				CE51567C2C96F5C40074A812 /* Strategy.swift */,
				CE51567E2C96F5CE0074A812 /* TemplateMethod.swift */,
				CE5156802C96F5D70074A812 /* Visitor.swift */,
			);
			path = Behavioral;
			sourceTree = "<group>";
		};
/* End PBXGroup section */

/* Begin PBXNativeTarget section */
		86C310332C9665D5007F915C /* SwiftDesignPattern */ = {
			isa = PBXNativeTarget;
			buildConfigurationList = 86C310582C9665D8007F915C /* Build configuration list for PBXNativeTarget "SwiftDesignPattern" */;
			buildPhases = (
				86C310302C9665D5007F915C /* Sources */,
				86C310312C9665D5007F915C /* Frameworks */,
				86C310322C9665D5007F915C /* Resources */,
			);
			buildRules = (
			);
			dependencies = (
			);
			name = SwiftDesignPattern;
			productName = SwiftDesignPattern;
			productReference = 86C310342C9665D5007F915C /* SwiftDesignPattern.app */;
			productType = "com.apple.product-type.application";
		};
		86C310432C9665D8007F915C /* SwiftDesignPatternTests */ = {
			isa = PBXNativeTarget;
			buildConfigurationList = 86C3105B2C9665D8007F915C /* Build configuration list for PBXNativeTarget "SwiftDesignPatternTests" */;
			buildPhases = (
				86C310402C9665D8007F915C /* Sources */,
				86C310412C9665D8007F915C /* Frameworks */,
				86C310422C9665D8007F915C /* Resources */,
			);
			buildRules = (
			);
			dependencies = (
				86C310462C9665D8007F915C /* PBXTargetDependency */,
			);
			name = SwiftDesignPatternTests;
			productName = SwiftDesignPatternTests;
			productReference = 86C310442C9665D8007F915C /* SwiftDesignPatternTests.xctest */;
			productType = "com.apple.product-type.bundle.unit-test";
		};
/* End PBXNativeTarget section */

/* Begin PBXProject section */
		86C3102C2C9665D5007F915C /* Project object */ = {
			isa = PBXProject;
			attributes = {
				BuildIndependentTargetsInParallel = 1;
				LastSwiftUpdateCheck = 1540;
				LastUpgradeCheck = 1540;
				TargetAttributes = {
					86C310332C9665D5007F915C = {
						CreatedOnToolsVersion = 15.4;
					};
					86C310432C9665D8007F915C = {
						CreatedOnToolsVersion = 15.4;
						TestTargetID = 86C310332C9665D5007F915C;
					};
				};
			};
			buildConfigurationList = 86C3102F2C9665D5007F915C /* Build configuration list for PBXProject "SwiftDesignPattern" */;
			compatibilityVersion = "Xcode 14.0";
			developmentRegion = en;
			hasScannedForEncodings = 0;
			knownRegions = (
				en,
				Base,
			);
			mainGroup = 86C3102B2C9665D5007F915C;
			productRefGroup = 86C310352C9665D5007F915C /* Products */;
			projectDirPath = "";
			projectRoot = "";
			targets = (
				86C310332C9665D5007F915C /* SwiftDesignPattern */,
				86C310432C9665D8007F915C /* SwiftDesignPatternTests */,
			);
		};
/* End PBXProject section */

/* Begin PBXResourcesBuildPhase section */
		86C310322C9665D5007F915C /* Resources */ = {
			isa = PBXResourcesBuildPhase;
			buildActionMask = 2147483647;
			files = (
				CE3678B82C96F66900990EC5 /* Preview Assets.xcassets in Resources */,
				86C3103C2C9665D7007F915C /* Assets.xcassets in Resources */,
			);
			runOnlyForDeploymentPostprocessing = 0;
		};
		86C310422C9665D8007F915C /* Resources */ = {
			isa = PBXResourcesBuildPhase;
			buildActionMask = 2147483647;
			files = (
			);
			runOnlyForDeploymentPostprocessing = 0;
		};
/* End PBXResourcesBuildPhase section */

/* Begin PBXSourcesBuildPhase section */
		86C310302C9665D5007F915C /* Sources */ = {
			isa = PBXSourcesBuildPhase;
			buildActionMask = 2147483647;
			files = (
				CE51567D2C96F5C40074A812 /* Strategy.swift in Sources */,
				86C310692C96666D007F915C /* AbstractFactory.swift in Sources */,
				CE5156792C96F5B60074A812 /* Observer.swift in Sources */,
				86C310762C96854E007F915C /* Facade.swift in Sources */,
				86C3106D2C9684FB007F915C /* Adapter.swift in Sources */,
				CE5156732C96F5A20074A812 /* Iterator.swift in Sources */,
				CE51566F2C96F5940074A812 /* ChainOfResponsibility.swift in Sources */,
				86C3106F2C968502007F915C /* Bridge.swift in Sources */,
				86C3107A2C96856A007F915C /* Proxy.swift in Sources */,
				86C310782C968556007F915C /* Flyweight.swift in Sources */,
				86C310672C966661007F915C /* FactoryMethod.swift in Sources */,
				CE51567B2C96F5BB0074A812 /* State.swift in Sources */,
				86C310382C9665D5007F915C /* MainApp.swift in Sources */,
				CE51567F2C96F5CE0074A812 /* TemplateMethod.swift in Sources */,
				86C310742C968519007F915C /* Decorator.swift in Sources */,
				86C310722C968512007F915C /* Composite.swift in Sources */,
				CE5156812C96F5D70074A812 /* Visitor.swift in Sources */,
				CE5156772C96F5AF0074A812 /* Memento.swift in Sources */,
				CE5156712C96F59B0074A812 /* Command.swift in Sources */,
				86C310652C966658007F915C /* Singleton.swift in Sources */,
				CE5156752C96F5A80074A812 /* Mediator.swift in Sources */,
				86C3106B2C966677007F915C /* Builder.swift in Sources */,
			);
			runOnlyForDeploymentPostprocessing = 0;
		};
		86C310402C9665D8007F915C /* Sources */ = {
			isa = PBXSourcesBuildPhase;
			buildActionMask = 2147483647;
			files = (
				86C310492C9665D8007F915C /* CreationalPatternTests.swift in Sources */,
				86C3107C2C9686A3007F915C /* StructuralPatternTests.swift in Sources */,
				CE3678BA2C96F6AF00990EC5 /* BehavioralPatternTests.swift in Sources */,
			);
			runOnlyForDeploymentPostprocessing = 0;
		};
/* End PBXSourcesBuildPhase section */

/* Begin PBXTargetDependency section */
		86C310462C9665D8007F915C /* PBXTargetDependency */ = {
			isa = PBXTargetDependency;
			target = 86C310332C9665D5007F915C /* SwiftDesignPattern */;
			targetProxy = 86C310452C9665D8007F915C /* PBXContainerItemProxy */;
		};
/* End PBXTargetDependency section */

/* Begin XCBuildConfiguration section */
		86C310562C9665D8007F915C /* Debug */ = {
			isa = XCBuildConfiguration;
			buildSettings = {
				ALWAYS_SEARCH_USER_PATHS = NO;
				ASSETCATALOG_COMPILER_GENERATE_SWIFT_ASSET_SYMBOL_EXTENSIONS = YES;
				CLANG_ANALYZER_NONNULL = YES;
				CLANG_ANALYZER_NUMBER_OBJECT_CONVERSION = YES_AGGRESSIVE;
				CLANG_CXX_LANGUAGE_STANDARD = "gnu++20";
				CLANG_ENABLE_MODULES = YES;
				CLANG_ENABLE_OBJC_ARC = YES;
				CLANG_ENABLE_OBJC_WEAK = YES;
				CLANG_WARN_BLOCK_CAPTURE_AUTORELEASING = YES;
				CLANG_WARN_BOOL_CONVERSION = YES;
				CLANG_WARN_COMMA = YES;
				CLANG_WARN_CONSTANT_CONVERSION = YES;
				CLANG_WARN_DEPRECATED_OBJC_IMPLEMENTATIONS = YES;
				CLANG_WARN_DIRECT_OBJC_ISA_USAGE = YES_ERROR;
				CLANG_WARN_DOCUMENTATION_COMMENTS = YES;
				CLANG_WARN_EMPTY_BODY = YES;
				CLANG_WARN_ENUM_CONVERSION = YES;
				CLANG_WARN_INFINITE_RECURSION = YES;
				CLANG_WARN_INT_CONVERSION = YES;
				CLANG_WARN_NON_LITERAL_NULL_CONVERSION = YES;
				CLANG_WARN_OBJC_IMPLICIT_RETAIN_SELF = YES;
				CLANG_WARN_OBJC_LITERAL_CONVERSION = YES;
				CLANG_WARN_OBJC_ROOT_CLASS = YES_ERROR;
				CLANG_WARN_QUOTED_INCLUDE_IN_FRAMEWORK_HEADER = YES;
				CLANG_WARN_RANGE_LOOP_ANALYSIS = YES;
				CLANG_WARN_STRICT_PROTOTYPES = YES;
				CLANG_WARN_SUSPICIOUS_MOVE = YES;
				CLANG_WARN_UNGUARDED_AVAILABILITY = YES_AGGRESSIVE;
				CLANG_WARN_UNREACHABLE_CODE = YES;
				CLANG_WARN__DUPLICATE_METHOD_MATCH = YES;
				COPY_PHASE_STRIP = NO;
				DEBUG_INFORMATION_FORMAT = dwarf;
				ENABLE_STRICT_OBJC_MSGSEND = YES;
				ENABLE_TESTABILITY = YES;
				ENABLE_USER_SCRIPT_SANDBOXING = YES;
				GCC_C_LANGUAGE_STANDARD = gnu17;
				GCC_DYNAMIC_NO_PIC = NO;
				GCC_NO_COMMON_BLOCKS = YES;
				GCC_OPTIMIZATION_LEVEL = 0;
				GCC_PREPROCESSOR_DEFINITIONS = (
					"DEBUG=1",
					"$(inherited)",
				);
				GCC_WARN_64_TO_32_BIT_CONVERSION = YES;
				GCC_WARN_ABOUT_RETURN_TYPE = YES_ERROR;
				GCC_WARN_UNDECLARED_SELECTOR = YES;
				GCC_WARN_UNINITIALIZED_AUTOS = YES_AGGRESSIVE;
				GCC_WARN_UNUSED_FUNCTION = YES;
				GCC_WARN_UNUSED_VARIABLE = YES;
				IPHONEOS_DEPLOYMENT_TARGET = 17.5;
				LOCALIZATION_PREFERS_STRING_CATALOGS = YES;
				MTL_ENABLE_DEBUG_INFO = INCLUDE_SOURCE;
				MTL_FAST_MATH = YES;
				ONLY_ACTIVE_ARCH = YES;
				SDKROOT = iphoneos;
				SWIFT_ACTIVE_COMPILATION_CONDITIONS = "DEBUG $(inherited)";
				SWIFT_OPTIMIZATION_LEVEL = "-Onone";
			};
			name = Debug;
		};
		86C310572C9665D8007F915C /* Release */ = {
			isa = XCBuildConfiguration;
			buildSettings = {
				ALWAYS_SEARCH_USER_PATHS = NO;
				ASSETCATALOG_COMPILER_GENERATE_SWIFT_ASSET_SYMBOL_EXTENSIONS = YES;
				CLANG_ANALYZER_NONNULL = YES;
				CLANG_ANALYZER_NUMBER_OBJECT_CONVERSION = YES_AGGRESSIVE;
				CLANG_CXX_LANGUAGE_STANDARD = "gnu++20";
				CLANG_ENABLE_MODULES = YES;
				CLANG_ENABLE_OBJC_ARC = YES;
				CLANG_ENABLE_OBJC_WEAK = YES;
				CLANG_WARN_BLOCK_CAPTURE_AUTORELEASING = YES;
				CLANG_WARN_BOOL_CONVERSION = YES;
				CLANG_WARN_COMMA = YES;
				CLANG_WARN_CONSTANT_CONVERSION = YES;
				CLANG_WARN_DEPRECATED_OBJC_IMPLEMENTATIONS = YES;
				CLANG_WARN_DIRECT_OBJC_ISA_USAGE = YES_ERROR;
				CLANG_WARN_DOCUMENTATION_COMMENTS = YES;
				CLANG_WARN_EMPTY_BODY = YES;
				CLANG_WARN_ENUM_CONVERSION = YES;
				CLANG_WARN_INFINITE_RECURSION = YES;
				CLANG_WARN_INT_CONVERSION = YES;
				CLANG_WARN_NON_LITERAL_NULL_CONVERSION = YES;
				CLANG_WARN_OBJC_IMPLICIT_RETAIN_SELF = YES;
				CLANG_WARN_OBJC_LITERAL_CONVERSION = YES;
				CLANG_WARN_OBJC_ROOT_CLASS = YES_ERROR;
				CLANG_WARN_QUOTED_INCLUDE_IN_FRAMEWORK_HEADER = YES;
				CLANG_WARN_RANGE_LOOP_ANALYSIS = YES;
				CLANG_WARN_STRICT_PROTOTYPES = YES;
				CLANG_WARN_SUSPICIOUS_MOVE = YES;
				CLANG_WARN_UNGUARDED_AVAILABILITY = YES_AGGRESSIVE;
				CLANG_WARN_UNREACHABLE_CODE = YES;
				CLANG_WARN__DUPLICATE_METHOD_MATCH = YES;
				COPY_PHASE_STRIP = NO;
				DEBUG_INFORMATION_FORMAT = "dwarf-with-dsym";
				ENABLE_NS_ASSERTIONS = NO;
				ENABLE_STRICT_OBJC_MSGSEND = YES;
				ENABLE_USER_SCRIPT_SANDBOXING = YES;
				GCC_C_LANGUAGE_STANDARD = gnu17;
				GCC_NO_COMMON_BLOCKS = YES;
				GCC_WARN_64_TO_32_BIT_CONVERSION = YES;
				GCC_WARN_ABOUT_RETURN_TYPE = YES_ERROR;
				GCC_WARN_UNDECLARED_SELECTOR = YES;
				GCC_WARN_UNINITIALIZED_AUTOS = YES_AGGRESSIVE;
				GCC_WARN_UNUSED_FUNCTION = YES;
				GCC_WARN_UNUSED_VARIABLE = YES;
				IPHONEOS_DEPLOYMENT_TARGET = 17.5;
				LOCALIZATION_PREFERS_STRING_CATALOGS = YES;
				MTL_ENABLE_DEBUG_INFO = NO;
				MTL_FAST_MATH = YES;
				SDKROOT = iphoneos;
				SWIFT_COMPILATION_MODE = wholemodule;
				VALIDATE_PRODUCT = YES;
			};
			name = Release;
		};
		86C310592C9665D8007F915C /* Debug */ = {
			isa = XCBuildConfiguration;
			buildSettings = {
				ASSETCATALOG_COMPILER_APPICON_NAME = AppIcon;
				ASSETCATALOG_COMPILER_GLOBAL_ACCENT_COLOR_NAME = AccentColor;
				CODE_SIGN_STYLE = Automatic;
				CURRENT_PROJECT_VERSION = 1;
				DEVELOPMENT_ASSET_PATHS = "\"SwiftDesignPattern/Preview Content\"";
				DEVELOPMENT_TEAM = SM8JGRFPQU;
				ENABLE_PREVIEWS = YES;
				GENERATE_INFOPLIST_FILE = YES;
				INFOPLIST_KEY_UIApplicationSceneManifest_Generation = YES;
				INFOPLIST_KEY_UIApplicationSupportsIndirectInputEvents = YES;
				INFOPLIST_KEY_UILaunchScreen_Generation = YES;
				INFOPLIST_KEY_UISupportedInterfaceOrientations_iPad = "UIInterfaceOrientationPortrait UIInterfaceOrientationPortraitUpsideDown UIInterfaceOrientationLandscapeLeft UIInterfaceOrientationLandscapeRight";
				INFOPLIST_KEY_UISupportedInterfaceOrientations_iPhone = "UIInterfaceOrientationPortrait UIInterfaceOrientationLandscapeLeft UIInterfaceOrientationLandscapeRight";
				IPHONEOS_DEPLOYMENT_TARGET = 17.0;
				LD_RUNPATH_SEARCH_PATHS = (
					"$(inherited)",
					"@executable_path/Frameworks",
				);
				MACOSX_DEPLOYMENT_TARGET = 14.0;
				MARKETING_VERSION = 1.0;
				PRODUCT_BUNDLE_IDENTIFIER = com.uwaisalqadri.designpattern.SwiftDesignPattern;
				PRODUCT_NAME = "$(TARGET_NAME)";
				SUPPORTED_PLATFORMS = macosx;
				SUPPORTS_MACCATALYST = NO;
				SUPPORTS_MAC_DESIGNED_FOR_IPHONE_IPAD = NO;
				SUPPORTS_XR_DESIGNED_FOR_IPHONE_IPAD = NO;
				SWIFT_EMIT_LOC_STRINGS = YES;
				SWIFT_VERSION = 5.0;
			};
			name = Debug;
		};
		86C3105A2C9665D8007F915C /* Release */ = {
			isa = XCBuildConfiguration;
			buildSettings = {
				ASSETCATALOG_COMPILER_APPICON_NAME = AppIcon;
				ASSETCATALOG_COMPILER_GLOBAL_ACCENT_COLOR_NAME = AccentColor;
				CODE_SIGN_STYLE = Automatic;
				CURRENT_PROJECT_VERSION = 1;
				DEVELOPMENT_ASSET_PATHS = "\"SwiftDesignPattern/Preview Content\"";
				DEVELOPMENT_TEAM = SM8JGRFPQU;
				ENABLE_PREVIEWS = YES;
				GENERATE_INFOPLIST_FILE = YES;
				INFOPLIST_KEY_UIApplicationSceneManifest_Generation = YES;
				INFOPLIST_KEY_UIApplicationSupportsIndirectInputEvents = YES;
				INFOPLIST_KEY_UILaunchScreen_Generation = YES;
				INFOPLIST_KEY_UISupportedInterfaceOrientations_iPad = "UIInterfaceOrientationPortrait UIInterfaceOrientationPortraitUpsideDown UIInterfaceOrientationLandscapeLeft UIInterfaceOrientationLandscapeRight";
				INFOPLIST_KEY_UISupportedInterfaceOrientations_iPhone = "UIInterfaceOrientationPortrait UIInterfaceOrientationLandscapeLeft UIInterfaceOrientationLandscapeRight";
				IPHONEOS_DEPLOYMENT_TARGET = 17.0;
				LD_RUNPATH_SEARCH_PATHS = (
					"$(inherited)",
					"@executable_path/Frameworks",
				);
				MACOSX_DEPLOYMENT_TARGET = 14.0;
				MARKETING_VERSION = 1.0;
				PRODUCT_BUNDLE_IDENTIFIER = com.uwaisalqadri.designpattern.SwiftDesignPattern;
				PRODUCT_NAME = "$(TARGET_NAME)";
				SUPPORTED_PLATFORMS = macosx;
				SUPPORTS_MACCATALYST = NO;
				SUPPORTS_MAC_DESIGNED_FOR_IPHONE_IPAD = NO;
				SUPPORTS_XR_DESIGNED_FOR_IPHONE_IPAD = NO;
				SWIFT_EMIT_LOC_STRINGS = YES;
				SWIFT_VERSION = 5.0;
			};
			name = Release;
		};
		86C3105C2C9665D8007F915C /* Debug */ = {
			isa = XCBuildConfiguration;
			buildSettings = {
				ALWAYS_EMBED_SWIFT_STANDARD_LIBRARIES = YES;
				BUNDLE_LOADER = "$(TEST_HOST)";
				CODE_SIGN_STYLE = Automatic;
				CURRENT_PROJECT_VERSION = 1;
				DEVELOPMENT_TEAM = SM8JGRFPQU;
				GENERATE_INFOPLIST_FILE = YES;
				IPHONEOS_DEPLOYMENT_TARGET = 17.5;
				MACOSX_DEPLOYMENT_TARGET = 14.0;
				MARKETING_VERSION = 1.0;
				PRODUCT_BUNDLE_IDENTIFIER = com.uwaisalqadri.designpattern.SwiftDesignPatternTests;
				PRODUCT_NAME = "$(TARGET_NAME)";
				SUPPORTED_PLATFORMS = macosx;
				SUPPORTS_MACCATALYST = NO;
				SUPPORTS_MAC_DESIGNED_FOR_IPHONE_IPAD = NO;
				SWIFT_EMIT_LOC_STRINGS = NO;
				SWIFT_VERSION = 5.0;
				TEST_HOST = "$(BUILT_PRODUCTS_DIR)/SwiftDesignPattern.app/$(BUNDLE_EXECUTABLE_FOLDER_PATH)/SwiftDesignPattern";
			};
			name = Debug;
		};
		86C3105D2C9665D8007F915C /* Release */ = {
			isa = XCBuildConfiguration;
			buildSettings = {
				ALWAYS_EMBED_SWIFT_STANDARD_LIBRARIES = YES;
				BUNDLE_LOADER = "$(TEST_HOST)";
				CODE_SIGN_STYLE = Automatic;
				CURRENT_PROJECT_VERSION = 1;
				DEVELOPMENT_TEAM = SM8JGRFPQU;
				GENERATE_INFOPLIST_FILE = YES;
				IPHONEOS_DEPLOYMENT_TARGET = 17.5;
				MACOSX_DEPLOYMENT_TARGET = 14.0;
				MARKETING_VERSION = 1.0;
				PRODUCT_BUNDLE_IDENTIFIER = com.uwaisalqadri.designpattern.SwiftDesignPatternTests;
				PRODUCT_NAME = "$(TARGET_NAME)";
				SUPPORTED_PLATFORMS = macosx;
				SUPPORTS_MACCATALYST = NO;
				SUPPORTS_MAC_DESIGNED_FOR_IPHONE_IPAD = NO;
				SWIFT_EMIT_LOC_STRINGS = NO;
				SWIFT_VERSION = 5.0;
				TEST_HOST = "$(BUILT_PRODUCTS_DIR)/SwiftDesignPattern.app/$(BUNDLE_EXECUTABLE_FOLDER_PATH)/SwiftDesignPattern";
			};
			name = Release;
		};
/* End XCBuildConfiguration section */

/* Begin XCConfigurationList section */
		86C3102F2C9665D5007F915C /* Build configuration list for PBXProject "SwiftDesignPattern" */ = {
			isa = XCConfigurationList;
			buildConfigurations = (
				86C310562C9665D8007F915C /* Debug */,
				86C310572C9665D8007F915C /* Release */,
			);
			defaultConfigurationIsVisible = 0;
			defaultConfigurationName = Release;
		};
		86C310582C9665D8007F915C /* Build configuration list for PBXNativeTarget "SwiftDesignPattern" */ = {
			isa = XCConfigurationList;
			buildConfigurations = (
				86C310592C9665D8007F915C /* Debug */,
				86C3105A2C9665D8007F915C /* Release */,
			);
			defaultConfigurationIsVisible = 0;
			defaultConfigurationName = Release;
		};
		86C3105B2C9665D8007F915C /* Build configuration list for PBXNativeTarget "SwiftDesignPatternTests" */ = {
			isa = XCConfigurationList;
			buildConfigurations = (
				86C3105C2C9665D8007F915C /* Debug */,
				86C3105D2C9665D8007F915C /* Release */,
			);
			defaultConfigurationIsVisible = 0;
			defaultConfigurationName = Release;
		};
/* End XCConfigurationList section */
	};
	rootObject = 86C3102C2C9665D5007F915C /* Project object */;
}
